
Microsoft Visual Studio Solution File, Format Version 12.00
# Visual Studio 14
VisualStudioVersion = 14.0.25420.1
MinimumVisualStudioVersion = 10.0.40219.1
Project("{FAE04EC0-301F-11D3-BF4B-00C04F79EFBC}") = "ChinookSystem", "ChinookSystem\ChinookSystem.csproj", "{E64BB100-DFC5-4B31-B18F-BD60EC80E83F}"
EndProject
Project("{FAE04EC0-301F-11D3-BF4B-00C04F79EFBC}") = "Chinook.Data", "Chinook.Data\Chinook.Data.csproj", "{BB0C95BE-BAF0-4952-A694-C38C61CE6874}"
EndProject
Project("{FAE04EC0-301F-11D3-BF4B-00C04F79EFBC}") = "Jan2018DemoWebsite", "Jan2018DemoWebsite\Jan2018DemoWebsite.csproj", "{C497AF64-3A21-4F12-9865-35BD37ED49A5}"
EndProject
Global
	GlobalSection(SolutionConfigurationPlatforms) = preSolution
		Debug|Any CPU = Debug|Any CPU
		Release|Any CPU = Release|Any CPU
	EndGlobalSection
	GlobalSection(ProjectConfigurationPlatforms) = postSolution
		{E64BB100-DFC5-4B31-B18F-BD60EC80E83F}.Debug|Any CPU.ActiveCfg = Debug|Any CPU
		{E64BB100-DFC5-4B31-B18F-BD60EC80E83F}.Debug|Any CPU.Build.0 = Debug|Any CPU
		{E64BB100-DFC5-4B31-B18F-BD60EC80E83F}.Release|Any CPU.ActiveCfg = Release|Any CPU
		{E64BB100-DFC5-4B31-B18F-BD60EC80E83F}.Release|Any CPU.Build.0 = Release|Any CPU
		{BB0C95BE-BAF0-4952-A694-C38C61CE6874}.Debug|Any CPU.ActiveCfg = Debug|Any CPU
		{BB0C95BE-BAF0-4952-A694-C38C61CE6874}.Debug|Any CPU.Build.0 = Debug|Any CPU
		{BB0C95BE-BAF0-4952-A694-C38C61CE6874}.Release|Any CPU.ActiveCfg = Release|Any CPU
		{BB0C95BE-BAF0-4952-A694-C38C61CE6874}.Release|Any CPU.Build.0 = Release|Any CPU
		{C497AF64-3A21-4F12-9865-35BD37ED49A5}.Debug|Any CPU.ActiveCfg = Debug|Any CPU
		{C497AF64-3A21-4F12-9865-35BD37ED49A5}.Debug|Any CPU.Build.0 = Debug|Any CPU
		{C497AF64-3A21-4F12-9865-35BD37ED49A5}.Release|Any CPU.ActiveCfg = Release|Any CPU
		{C497AF64-3A21-4F12-9865-35BD37ED49A5}.Release|Any CPU.Build.0 = Release|Any CPU
	EndGlobalSection
	GlobalSection(SolutionProperties) = preSolution
		HideSolutionNode = FALSE
	EndGlobalSection
EndGlobal
